
Microsoft Visual Studio Solution File, Format Version 12.00
# Visual Studio 15
VisualStudioVersion = 15.0.27703.2042
MinimumVisualStudioVersion = 10.0.40219.1
Project("{9A19103F-16F7-4668-BE54-9A1E7A4F7556}") = "Najlot.Log", "Najlot.Log\Najlot.Log.csproj", "{CA422FE2-F096-402A-860A-C61A65AB1B8F}"
EndProject
Project("{9A19103F-16F7-4668-BE54-9A1E7A4F7556}") = "LogTestApp", "LogTestApp\LogTestApp.csproj", "{AA1F49FF-FBAF-4904-851A-33B5D053A60B}"
EndProject
Project("{9A19103F-16F7-4668-BE54-9A1E7A4F7556}") = "Najlot.Log.Tests", "Najlot.Log.Tests\Najlot.Log.Tests.csproj", "{1B955A86-9F74-4A0B-AA86-F518319E5FEC}"
EndProject
Project("{9A19103F-16F7-4668-BE54-9A1E7A4F7556}") = "Najlot.Log.Extensions.Logging", "Najlot.Log.Extensions.Logging\Najlot.Log.Extensions.Logging.csproj", "{03A2C857-D8EF-4FF2-B834-5422C60EB615}"
EndProject
Project("{FAE04EC0-301F-11D3-BF4B-00C04F79EFBC}") = "Najlot.Log.ColorfulConsoleDestination", "Najlot.Log.ColorfulConsoleDestination\Najlot.Log.ColorfulConsoleDestination.csproj", "{767A183A-5021-4539-839E-E13C1FE068E2}"
EndProject
Global
	GlobalSection(SolutionConfigurationPlatforms) = preSolution
		Debug|Any CPU = Debug|Any CPU
		Release|Any CPU = Release|Any CPU
	EndGlobalSection
	GlobalSection(ProjectConfigurationPlatforms) = postSolution
		{CA422FE2-F096-402A-860A-C61A65AB1B8F}.Debug|Any CPU.ActiveCfg = Debug|Any CPU
		{CA422FE2-F096-402A-860A-C61A65AB1B8F}.Debug|Any CPU.Build.0 = Debug|Any CPU
		{CA422FE2-F096-402A-860A-C61A65AB1B8F}.Release|Any CPU.ActiveCfg = Release|Any CPU
		{CA422FE2-F096-402A-860A-C61A65AB1B8F}.Release|Any CPU.Build.0 = Release|Any CPU
		{AA1F49FF-FBAF-4904-851A-33B5D053A60B}.Debug|Any CPU.ActiveCfg = Debug|Any CPU
		{AA1F49FF-FBAF-4904-851A-33B5D053A60B}.Debug|Any CPU.Build.0 = Debug|Any CPU
		{AA1F49FF-FBAF-4904-851A-33B5D053A60B}.Release|Any CPU.ActiveCfg = Release|Any CPU
		{AA1F49FF-FBAF-4904-851A-33B5D053A60B}.Release|Any CPU.Build.0 = Release|Any CPU
		{1B955A86-9F74-4A0B-AA86-F518319E5FEC}.Debug|Any CPU.ActiveCfg = Debug|Any CPU
		{1B955A86-9F74-4A0B-AA86-F518319E5FEC}.Debug|Any CPU.Build.0 = Debug|Any CPU
		{1B955A86-9F74-4A0B-AA86-F518319E5FEC}.Release|Any CPU.ActiveCfg = Release|Any CPU
		{1B955A86-9F74-4A0B-AA86-F518319E5FEC}.Release|Any CPU.Build.0 = Release|Any CPU
		{03A2C857-D8EF-4FF2-B834-5422C60EB615}.Debug|Any CPU.ActiveCfg = Debug|Any CPU
		{03A2C857-D8EF-4FF2-B834-5422C60EB615}.Debug|Any CPU.Build.0 = Debug|Any CPU
		{03A2C857-D8EF-4FF2-B834-5422C60EB615}.Release|Any CPU.ActiveCfg = Release|Any CPU
		{03A2C857-D8EF-4FF2-B834-5422C60EB615}.Release|Any CPU.Build.0 = Release|Any CPU
		{767A183A-5021-4539-839E-E13C1FE068E2}.Debug|Any CPU.ActiveCfg = Debug|Any CPU
		{767A183A-5021-4539-839E-E13C1FE068E2}.Debug|Any CPU.Build.0 = Debug|Any CPU
		{767A183A-5021-4539-839E-E13C1FE068E2}.Release|Any CPU.ActiveCfg = Release|Any CPU
		{767A183A-5021-4539-839E-E13C1FE068E2}.Release|Any CPU.Build.0 = Release|Any CPU
	EndGlobalSection
	GlobalSection(SolutionProperties) = preSolution
		HideSolutionNode = FALSE
	EndGlobalSection
	GlobalSection(ExtensibilityGlobals) = postSolution
		SolutionGuid = {25185ACD-756A-40D2-B315-D556E252E182}
	EndGlobalSection
EndGlobal
